
Microsoft Visual Studio Solution File, Format Version 12.00
# Visual Studio 2012
Project("{E24C65DC-7377-472B-9ABA-BC803B73C61A}") = "Book3_3_5", "http://localhost:20756", "{798517EB-C3BE-4B60-BC8F-CC2A8914219A}"
	ProjectSection(WebsiteProperties) = preProject
		UseIISExpress = "true"
		TargetFrameworkMoniker = ".NETFramework,Version%3Dv4.0"
		Debug.AspNetCompiler.VirtualPath = "/localhost_20756"
		Debug.AspNetCompiler.PhysicalPath = "D:\ASP.NET_Code\第三章\Book3_3_5\"
		Debug.AspNetCompiler.TargetPath = "PrecompiledWeb\localhost_20756\"
		Debug.AspNetCompiler.Updateable = "true"
		Debug.AspNetCompiler.ForceOverwrite = "true"
		Debug.AspNetCompiler.FixedNames = "false"
		Debug.AspNetCompiler.Debug = "True"
		Release.AspNetCompiler.VirtualPath = "/localhost_20756"
		Release.AspNetCompiler.PhysicalPath = "D:\ASP.NET_Code\第三章\Book3_3_5\"
		Release.AspNetCompiler.TargetPath = "PrecompiledWeb\localhost_20756\"
		Release.AspNetCompiler.Updateable = "true"
		Release.AspNetCompiler.ForceOverwrite = "true"
		Release.AspNetCompiler.FixedNames = "false"
		Release.AspNetCompiler.Debug = "False"
		SlnRelativePath = "D:\ASP.NET_Code\第三章\Book3_3_5\"
	EndProjectSection
EndProject
Global
	GlobalSection(SolutionConfigurationPlatforms) = preSolution
		Debug|Any CPU = Debug|Any CPU
	EndGlobalSection
	GlobalSection(ProjectConfigurationPlatforms) = postSolution
		{798517EB-C3BE-4B60-BC8F-CC2A8914219A}.Debug|Any CPU.ActiveCfg = Debug|Any CPU
		{798517EB-C3BE-4B60-BC8F-CC2A8914219A}.Debug|Any CPU.Build.0 = Debug|Any CPU
	EndGlobalSection
	GlobalSection(SolutionProperties) = preSolution
		HideSolutionNode = FALSE
	EndGlobalSection
EndGlobal
